
Microsoft Visual Studio Solution File, Format Version 12.00
Project("{FAE04EC0-301F-11D3-BF4B-00C04F79EFBC}") = "Chaquitaclla_API_TSW", "Chaquitaclla_API_TSW\Chaquitaclla_API_TSW.csproj", "{ED826E97-40A6-4010-BCAC-94C7E3F17413}"
EndProject
Global
	GlobalSection(SolutionConfigurationPlatforms) = preSolution
		Debug|Any CPU = Debug|Any CPU
		Release|Any CPU = Release|Any CPU
	EndGlobalSection
	GlobalSection(ProjectConfigurationPlatforms) = postSolution
		{ED826E97-40A6-4010-BCAC-94C7E3F17413}.Debug|Any CPU.ActiveCfg = Debug|Any CPU
		{ED826E97-40A6-4010-BCAC-94C7E3F17413}.Debug|Any CPU.Build.0 = Debug|Any CPU
		{ED826E97-40A6-4010-BCAC-94C7E3F17413}.Release|Any CPU.ActiveCfg = Release|Any CPU
		{ED826E97-40A6-4010-BCAC-94C7E3F17413}.Release|Any CPU.Build.0 = Release|Any CPU
	EndGlobalSection
EndGlobal
